PODS:
  - Alamofire (3.3.1)
  - Cedar (0.13.1)
  - SwiftyJSON (2.3.2)

DEPENDENCIES:
  - Alamofire (~> 3.3)
  - Cedar (from `https://github.com/pivotal/cedar.git`)
  - SwiftyJSON (from `https://github.com/SwiftyJSON/SwiftyJSON.git`)

EXTERNAL SOURCES:
  Cedar:
    :git: https://github.com/pivotal/cedar.git
  SwiftyJSON:
    :git: https://github.com/SwiftyJSON/SwiftyJSON.git

CHECKOUT OPTIONS:
  Cedar:
    :commit: a3233211adac4584a56ac22be21a3103fbb449a4
    :git: https://github.com/pivotal/cedar.git
  SwiftyJSON:
    :commit: 2a5b70f06001316d4fb54501edc70b4084705da0
    :git: https://github.com/SwiftyJSON/SwiftyJSON.git

SPEC CHECKSUMS:
  Alamofire: 369bc67b6f5ac33ded3648d7bd21c5bfb91c2ecc
  Cedar: 66acf4cd946fa7cf6f0f0e3abdb97823e791def5
  SwiftyJSON: 04ccea08915aa0109039157c7974cf0298da292a

COCOAPODS: 0.39.0
